
Microsoft Visual Studio Solution File, Format Version 12.00
# Visual Studio Version 17
VisualStudioVersion = 17.0.31903.59
MinimumVisualStudioVersion = 10.0.40219.1
Project("{2150E333-8FDC-42A3-9474-1A3956D46DE8}") = "src", "src", "{644346C5-9524-4EAD-8EB0-3EAF4D523476}"
EndProject
Project("{FAE04EC0-301F-11D3-BF4B-00C04F79EFBC}") = "console", "src\console\console.csproj", "{E77C02AF-0436-4602-9912-FF99DF3BE896}"
EndProject
Project("{2150E333-8FDC-42A3-9474-1A3956D46DE8}") = "test", "test", "{4CAEB046-5A04-412F-888A-1C2E65BAD3D8}"
EndProject
Project("{FAE04EC0-301F-11D3-BF4B-00C04F79EFBC}") = "consoleTest", "test\consoleTest\consoleTest.csproj", "{935D2801-573C-4871-867A-00247BF41673}"
EndProject
Global
	GlobalSection(SolutionConfigurationPlatforms) = preSolution
		Debug|Any CPU = Debug|Any CPU
		Release|Any CPU = Release|Any CPU
	EndGlobalSection
	GlobalSection(SolutionProperties) = preSolution
		HideSolutionNode = FALSE
	EndGlobalSection
	GlobalSection(ProjectConfigurationPlatforms) = postSolution
		{E77C02AF-0436-4602-9912-FF99DF3BE896}.Debug|Any CPU.ActiveCfg = Debug|Any CPU
		{E77C02AF-0436-4602-9912-FF99DF3BE896}.Debug|Any CPU.Build.0 = Debug|Any CPU
		{E77C02AF-0436-4602-9912-FF99DF3BE896}.Release|Any CPU.ActiveCfg = Release|Any CPU
		{E77C02AF-0436-4602-9912-FF99DF3BE896}.Release|Any CPU.Build.0 = Release|Any CPU
		{935D2801-573C-4871-867A-00247BF41673}.Debug|Any CPU.ActiveCfg = Debug|Any CPU
		{935D2801-573C-4871-867A-00247BF41673}.Debug|Any CPU.Build.0 = Debug|Any CPU
		{935D2801-573C-4871-867A-00247BF41673}.Release|Any CPU.ActiveCfg = Release|Any CPU
		{935D2801-573C-4871-867A-00247BF41673}.Release|Any CPU.Build.0 = Release|Any CPU
	EndGlobalSection
	GlobalSection(NestedProjects) = preSolution
		{E77C02AF-0436-4602-9912-FF99DF3BE896} = {644346C5-9524-4EAD-8EB0-3EAF4D523476}
		{935D2801-573C-4871-867A-00247BF41673} = {4CAEB046-5A04-412F-888A-1C2E65BAD3D8}
	EndGlobalSection
EndGlobal
